version: 2.0
shards:
  backtracer:
    git: https://github.com/sija/backtracer.cr.git
    version: 1.2.1

  exception_page:
    git: https://github.com/crystal-loot/exception_page.git
    version: 0.2.2

  kemal:
    git: https://github.com/sdogruyol/kemal.git
    version: 1.1.2+git.commit.05d55540b9cbcab9e9197390e2f6b2d0baeed820

  radix:
    git: https://github.com/luislavena/radix.git
    version: 0.4.1

