version: 1.0
shards:
  exception_page:
    github: crystal-loot/exception_page
    version: 0.1.1

  kemal:
    github: sdogruyol/kemal
    commit: 482b4a6e7dc3be7a0352fc6b8ee8108fe4cb1105

  kilt:
    github: jeromegn/kilt
    version: 0.4.0

  radix:
    github: luislavena/radix
    version: 0.3.8

